
Microsoft Visual Studio Solution File, Format Version 12.00
# Visual Studio 15
VisualStudioVersion = 15.0.27428.2043
MinimumVisualStudioVersion = 10.0.40219.1
Project("{FAE04EC0-301F-11D3-BF4B-00C04F79EFBC}") = "vPOS", "vPOS\vPOS.csproj", "{C49F8A64-62E3-4152-B6E9-BC48076167DE}"
EndProject
Global
	GlobalSection(SolutionConfigurationPlatforms) = preSolution
		Debug|Any CPU = Debug|Any CPU
		Release|Any CPU = Release|Any CPU
	EndGlobalSection
	GlobalSection(ProjectConfigurationPlatforms) = postSolution
		{C49F8A64-62E3-4152-B6E9-BC48076167DE}.Debug|Any CPU.ActiveCfg = Debug|Any CPU
		{C49F8A64-62E3-4152-B6E9-BC48076167DE}.Debug|Any CPU.Build.0 = Debug|Any CPU
		{C49F8A64-62E3-4152-B6E9-BC48076167DE}.Release|Any CPU.ActiveCfg = Release|Any CPU
		{C49F8A64-62E3-4152-B6E9-BC48076167DE}.Release|Any CPU.Build.0 = Release|Any CPU
	EndGlobalSection
	GlobalSection(SolutionProperties) = preSolution
		HideSolutionNode = FALSE
	EndGlobalSection
	GlobalSection(ExtensibilityGlobals) = postSolution
		SolutionGuid = {7CE78BB9-16AA-4C66-BEAC-D6C5114C9FA1}
	EndGlobalSection
EndGlobal
